// !$*UTF8*$!
{
	archiveVersion = 1;
	classes = {
	};
	objectVersion = 56;
	objects = {

/* Begin PBXBuildFile section */
		2579083A2A2BCE0200FD1D57 /* FirebaseAuth in Frameworks */ = {isa = PBXBuildFile; productRef = 257908392A2BCE0200FD1D57 /* FirebaseAuth */; };
		2579083C2A2BCE0200FD1D57 /* FirebaseDatabase in Frameworks */ = {isa = PBXBuildFile; productRef = 2579083B2A2BCE0200FD1D57 /* FirebaseDatabase */; };
		2579083E2A2BCE0200FD1D57 /* FirebaseFirestore in Frameworks */ = {isa = PBXBuildFile; productRef = 2579083D2A2BCE0200FD1D57 /* FirebaseFirestore */; };
		257908402A2BCE4400FD1D57 /* GoogleService-Info.plist in Resources */ = {isa = PBXBuildFile; fileRef = 2579083F2A2BCE4300FD1D57 /* GoogleService-Info.plist */; };
		25B7407F2A29D0BB00851E4E /* AppDelegate.swift in Sources */ = {isa = PBXBuildFile; fileRef = 25B7407E2A29D0BB00851E4E /* AppDelegate.swift */; };
		25B740812A29D0BB00851E4E /* SceneDelegate.swift in Sources */ = {isa = PBXBuildFile; fileRef = 25B740802A29D0BB00851E4E /* SceneDelegate.swift */; };
		25B740832A29D0BB00851E4E /* ConversationsViewController.swift in Sources */ = {isa = PBXBuildFile; fileRef = 25B740822A29D0BB00851E4E /* ConversationsViewController.swift */; };
		25B740862A29D0BB00851E4E /* Main.storyboard in Resources */ = {isa = PBXBuildFile; fileRef = 25B740842A29D0BB00851E4E /* Main.storyboard */; };
		25B740882A29D0BF00851E4E /* Assets.xcassets in Resources */ = {isa = PBXBuildFile; fileRef = 25B740872A29D0BF00851E4E /* Assets.xcassets */; };
		25B7408B2A29D0BF00851E4E /* LaunchScreen.storyboard in Resources */ = {isa = PBXBuildFile; fileRef = 25B740892A29D0BF00851E4E /* LaunchScreen.storyboard */; };
		25B740992A29D3C600851E4E /* LoginViewController.swift in Sources */ = {isa = PBXBuildFile; fileRef = 25B740982A29D3C600851E4E /* LoginViewController.swift */; };
		25B7409B2A29D3D200851E4E /* RegisterViewController.swift in Sources */ = {isa = PBXBuildFile; fileRef = 25B7409A2A29D3D200851E4E /* RegisterViewController.swift */; };
		25B7409E2A29D3F700851E4E /* PhotoViewerViewController.swift in Sources */ = {isa = PBXBuildFile; fileRef = 25B7409D2A29D3F700851E4E /* PhotoViewerViewController.swift */; };
		25B740A02A29D40800851E4E /* VideoPlayerViewController.swift in Sources */ = {isa = PBXBuildFile; fileRef = 25B7409F2A29D40800851E4E /* VideoPlayerViewController.swift */; };
		25B740A22A29D41F00851E4E /* NewConversationViewController.swift in Sources */ = {isa = PBXBuildFile; fileRef = 25B740A12A29D41F00851E4E /* NewConversationViewController.swift */; };
		25B740A42A29D43900851E4E /* ProfileViewController.swift in Sources */ = {isa = PBXBuildFile; fileRef = 25B740A32A29D43900851E4E /* ProfileViewController.swift */; };
		25B740A72A29E52800851E4E /* Extensions.swift in Sources */ = {isa = PBXBuildFile; fileRef = 25B740A62A29E52800851E4E /* Extensions.swift */; };
/* End PBXBuildFile section */

/* Begin PBXFileReference section */
		2579083F2A2BCE4300FD1D57 /* GoogleService-Info.plist */ = {isa = PBXFileReference; fileEncoding = 4; lastKnownFileType = text.plist.xml; path = "GoogleService-Info.plist"; sourceTree = "<group>"; };
		25B7407B2A29D0BB00851E4E /* RealTimeChatApp.app */ = {isa = PBXFileReference; explicitFileType = wrapper.application; includeInIndex = 0; path = RealTimeChatApp.app; sourceTree = BUILT_PRODUCTS_DIR; };
		25B7407E2A29D0BB00851E4E /* AppDelegate.swift */ = {isa = PBXFileReference; lastKnownFileType = sourcecode.swift; path = AppDelegate.swift; sourceTree = "<group>"; };
		25B740802A29D0BB00851E4E /* SceneDelegate.swift */ = {isa = PBXFileReference; lastKnownFileType = sourcecode.swift; path = SceneDelegate.swift; sourceTree = "<group>"; };
		25B740822A29D0BB00851E4E /* ConversationsViewController.swift */ = {isa = PBXFileReference; lastKnownFileType = sourcecode.swift; path = ConversationsViewController.swift; sourceTree = "<group>"; };
		25B740852A29D0BB00851E4E /* Base */ = {isa = PBXFileReference; lastKnownFileType = file.storyboard; name = Base; path = Base.lproj/Main.storyboard; sourceTree = "<group>"; };
		25B740872A29D0BF00851E4E /* Assets.xcassets */ = {isa = PBXFileReference; lastKnownFileType = folder.assetcatalog; path = Assets.xcassets; sourceTree = "<group>"; };
		25B7408A2A29D0BF00851E4E /* Base */ = {isa = PBXFileReference; lastKnownFileType = file.storyboard; name = Base; path = Base.lproj/LaunchScreen.storyboard; sourceTree = "<group>"; };
		25B7408C2A29D0BF00851E4E /* Info.plist */ = {isa = PBXFileReference; lastKnownFileType = text.plist.xml; path = Info.plist; sourceTree = "<group>"; };
		25B740982A29D3C600851E4E /* LoginViewController.swift */ = {isa = PBXFileReference; lastKnownFileType = sourcecode.swift; path = LoginViewController.swift; sourceTree = "<group>"; };
		25B7409A2A29D3D200851E4E /* RegisterViewController.swift */ = {isa = PBXFileReference; lastKnownFileType = sourcecode.swift; path = RegisterViewController.swift; sourceTree = "<group>"; };
		25B7409D2A29D3F700851E4E /* PhotoViewerViewController.swift */ = {isa = PBXFileReference; lastKnownFileType = sourcecode.swift; path = PhotoViewerViewController.swift; sourceTree = "<group>"; };
		25B7409F2A29D40800851E4E /* VideoPlayerViewController.swift */ = {isa = PBXFileReference; lastKnownFileType = sourcecode.swift; path = VideoPlayerViewController.swift; sourceTree = "<group>"; };
		25B740A12A29D41F00851E4E /* NewConversationViewController.swift */ = {isa = PBXFileReference; lastKnownFileType = sourcecode.swift; path = NewConversationViewController.swift; sourceTree = "<group>"; };
		25B740A32A29D43900851E4E /* ProfileViewController.swift */ = {isa = PBXFileReference; lastKnownFileType = sourcecode.swift; path = ProfileViewController.swift; sourceTree = "<group>"; };
		25B740A62A29E52800851E4E /* Extensions.swift */ = {isa = PBXFileReference; lastKnownFileType = sourcecode.swift; path = Extensions.swift; sourceTree = "<group>"; };
/* End PBXFileReference section */

/* Begin PBXFrameworksBuildPhase section */
		25B740782A29D0BB00851E4E /* Frameworks */ = {
			isa = PBXFrameworksBuildPhase;
			buildActionMask = 2147483647;
			files = (
				2579083C2A2BCE0200FD1D57 /* FirebaseDatabase in Frameworks */,
				2579083A2A2BCE0200FD1D57 /* FirebaseAuth in Frameworks */,
				2579083E2A2BCE0200FD1D57 /* FirebaseFirestore in Frameworks */,
			);
			runOnlyForDeploymentPostprocessing = 0;
		};
/* End PBXFrameworksBuildPhase section */

/* Begin PBXGroup section */
		25B740722A29D0BB00851E4E = {
			isa = PBXGroup;
			children = (
				25B7407D2A29D0BB00851E4E /* RealTimeChatApp */,
				25B7407C2A29D0BB00851E4E /* Products */,
			);
			sourceTree = "<group>";
		};
		25B7407C2A29D0BB00851E4E /* Products */ = {
			isa = PBXGroup;
			children = (
				25B7407B2A29D0BB00851E4E /* RealTimeChatApp.app */,
			);
			name = Products;
			sourceTree = "<group>";
		};
		25B7407D2A29D0BB00851E4E /* RealTimeChatApp */ = {
			isa = PBXGroup;
			children = (
				25B740962A29D2F300851E4E /* Resources */,
				25B740952A29D2E400851E4E /* ViewModels */,
				25B740942A29D2DC00851E4E /* Models */,
				25B740932A29D2D400851E4E /* Views */,
				25B740922A29D2CB00851E4E /* Controllers */,
				25B7408C2A29D0BF00851E4E /* Info.plist */,
				2579083F2A2BCE4300FD1D57 /* GoogleService-Info.plist */,
			);
			path = RealTimeChatApp;
			sourceTree = "<group>";
		};
		25B740922A29D2CB00851E4E /* Controllers */ = {
			isa = PBXGroup;
			children = (
				25B740822A29D0BB00851E4E /* ConversationsViewController.swift */,
				25B740A52A29D64B00851E4E /* Login&Registration */,
				25B7409D2A29D3F700851E4E /* PhotoViewerViewController.swift */,
				25B7409F2A29D40800851E4E /* VideoPlayerViewController.swift */,
				25B740A12A29D41F00851E4E /* NewConversationViewController.swift */,
				25B740A32A29D43900851E4E /* ProfileViewController.swift */,
			);
			path = Controllers;
			sourceTree = "<group>";
		};
		25B740932A29D2D400851E4E /* Views */ = {
			isa = PBXGroup;
			children = (
				25B740972A29D32C00851E4E /* Storyboards */,
				25B740872A29D0BF00851E4E /* Assets.xcassets */,
			);
			path = Views;
			sourceTree = "<group>";
		};
		25B740942A29D2DC00851E4E /* Models */ = {
			isa = PBXGroup;
			children = (
			);
			path = Models;
			sourceTree = "<group>";
		};
		25B740952A29D2E400851E4E /* ViewModels */ = {
			isa = PBXGroup;
			children = (
			);
			path = ViewModels;
			sourceTree = "<group>";
		};
		25B740962A29D2F300851E4E /* Resources */ = {
			isa = PBXGroup;
			children = (
				25B7407E2A29D0BB00851E4E /* AppDelegate.swift */,
				25B740802A29D0BB00851E4E /* SceneDelegate.swift */,
				25B740A62A29E52800851E4E /* Extensions.swift */,
			);
			path = Resources;
			sourceTree = "<group>";
		};
		25B740972A29D32C00851E4E /* Storyboards */ = {
			isa = PBXGroup;
			children = (
				25B740842A29D0BB00851E4E /* Main.storyboard */,
				25B740892A29D0BF00851E4E /* LaunchScreen.storyboard */,
			);
			path = Storyboards;
			sourceTree = "<group>";
		};
		25B740A52A29D64B00851E4E /* Login&Registration */ = {
			isa = PBXGroup;
			children = (
				25B740982A29D3C600851E4E /* LoginViewController.swift */,
				25B7409A2A29D3D200851E4E /* RegisterViewController.swift */,
			);
			path = "Login&Registration";
			sourceTree = "<group>";
		};
/* End PBXGroup section */

/* Begin PBXNativeTarget section */
		25B7407A2A29D0BB00851E4E /* RealTimeChatApp */ = {
			isa = PBXNativeTarget;
			buildConfigurationList = 25B7408F2A29D0BF00851E4E /* Build configuration list for PBXNativeTarget "RealTimeChatApp" */;
			buildPhases = (
				25B740772A29D0BB00851E4E /* Sources */,
				25B740782A29D0BB00851E4E /* Frameworks */,
				25B740792A29D0BB00851E4E /* Resources */,
			);
			buildRules = (
			);
			dependencies = (
			);
			name = RealTimeChatApp;
			packageProductDependencies = (
				257908392A2BCE0200FD1D57 /* FirebaseAuth */,
				2579083B2A2BCE0200FD1D57 /* FirebaseDatabase */,
				2579083D2A2BCE0200FD1D57 /* FirebaseFirestore */,
			);
			productName = RealTimeChatApp;
			productReference = 25B7407B2A29D0BB00851E4E /* RealTimeChatApp.app */;
			productType = "com.apple.product-type.application";
		};
/* End PBXNativeTarget section */

/* Begin PBXProject section */
		25B740732A29D0BB00851E4E /* Project object */ = {
			isa = PBXProject;
			attributes = {
				BuildIndependentTargetsInParallel = 1;
				LastSwiftUpdateCheck = 1420;
				LastUpgradeCheck = 1420;
				TargetAttributes = {
					25B7407A2A29D0BB00851E4E = {
						CreatedOnToolsVersion = 14.2;
					};
				};
			};
			buildConfigurationList = 25B740762A29D0BB00851E4E /* Build configuration list for PBXProject "RealTimeChatApp" */;
			compatibilityVersion = "Xcode 14.0";
			developmentRegion = en;
			hasScannedForEncodings = 0;
			knownRegions = (
				en,
				Base,
			);
			mainGroup = 25B740722A29D0BB00851E4E;
			packageReferences = (
				257908382A2BCE0200FD1D57 /* XCRemoteSwiftPackageReference "firebase-ios-sdk" */,
			);
			productRefGroup = 25B7407C2A29D0BB00851E4E /* Products */;
			projectDirPath = "";
			projectRoot = "";
			targets = (
				25B7407A2A29D0BB00851E4E /* RealTimeChatApp */,
			);
		};
/* End PBXProject section */

/* Begin PBXResourcesBuildPhase section */
		25B740792A29D0BB00851E4E /* Resources */ = {
			isa = PBXResourcesBuildPhase;
			buildActionMask = 2147483647;
			files = (
				25B7408B2A29D0BF00851E4E /* LaunchScreen.storyboard in Resources */,
				257908402A2BCE4400FD1D57 /* GoogleService-Info.plist in Resources */,
				25B740882A29D0BF00851E4E /* Assets.xcassets in Resources */,
				25B740862A29D0BB00851E4E /* Main.storyboard in Resources */,
			);
			runOnlyForDeploymentPostprocessing = 0;
		};
/* End PBXResourcesBuildPhase section */

/* Begin PBXSourcesBuildPhase section */
		25B740772A29D0BB00851E4E /* Sources */ = {
			isa = PBXSourcesBuildPhase;
			buildActionMask = 2147483647;
			files = (
				25B740992A29D3C600851E4E /* LoginViewController.swift in Sources */,
				25B7409B2A29D3D200851E4E /* RegisterViewController.swift in Sources */,
				25B740A22A29D41F00851E4E /* NewConversationViewController.swift in Sources */,
				25B740832A29D0BB00851E4E /* ConversationsViewController.swift in Sources */,
				25B740A02A29D40800851E4E /* VideoPlayerViewController.swift in Sources */,
				25B740A72A29E52800851E4E /* Extensions.swift in Sources */,
				25B7407F2A29D0BB00851E4E /* AppDelegate.swift in Sources */,
				25B740A42A29D43900851E4E /* ProfileViewController.swift in Sources */,
				25B740812A29D0BB00851E4E /* SceneDelegate.swift in Sources */,
				25B7409E2A29D3F700851E4E /* PhotoViewerViewController.swift in Sources */,
			);
			runOnlyForDeploymentPostprocessing = 0;
		};
/* End PBXSourcesBuildPhase section */

/* Begin PBXVariantGroup section */
		25B740842A29D0BB00851E4E /* Main.storyboard */ = {
			isa = PBXVariantGroup;
			children = (
				25B740852A29D0BB00851E4E /* Base */,
			);
			name = Main.storyboard;
			sourceTree = "<group>";
		};
		25B740892A29D0BF00851E4E /* LaunchScreen.storyboard */ = {
			isa = PBXVariantGroup;
			children = (
				25B7408A2A29D0BF00851E4E /* Base */,
			);
			name = LaunchScreen.storyboard;
			sourceTree = "<group>";
		};
/* End PBXVariantGroup section */

/* Begin XCBuildConfiguration section */
		25B7408D2A29D0BF00851E4E /* Debug */ = {
			isa = XCBuildConfiguration;
			buildSettings = {
				ALWAYS_SEARCH_USER_PATHS = NO;
				CLANG_ANALYZER_NONNULL = YES;
				CLANG_ANALYZER_NUMBER_OBJECT_CONVERSION = YES_AGGRESSIVE;
				CLANG_CXX_LANGUAGE_STANDARD = "gnu++20";
				CLANG_ENABLE_MODULES = YES;
				CLANG_ENABLE_OBJC_ARC = YES;
				CLANG_ENABLE_OBJC_WEAK = YES;
				CLANG_WARN_BLOCK_CAPTURE_AUTORELEASING = YES;
				CLANG_WARN_BOOL_CONVERSION = YES;
				CLANG_WARN_COMMA = YES;
				CLANG_WARN_CONSTANT_CONVERSION = YES;
				CLANG_WARN_DEPRECATED_OBJC_IMPLEMENTATIONS = YES;
				CLANG_WARN_DIRECT_OBJC_ISA_USAGE = YES_ERROR;
				CLANG_WARN_DOCUMENTATION_COMMENTS = YES;
				CLANG_WARN_EMPTY_BODY = YES;
				CLANG_WARN_ENUM_CONVERSION = YES;
				CLANG_WARN_INFINITE_RECURSION = YES;
				CLANG_WARN_INT_CONVERSION = YES;
				CLANG_WARN_NON_LITERAL_NULL_CONVERSION = YES;
				CLANG_WARN_OBJC_IMPLICIT_RETAIN_SELF = YES;
				CLANG_WARN_OBJC_LITERAL_CONVERSION = YES;
				CLANG_WARN_OBJC_ROOT_CLASS = YES_ERROR;
				CLANG_WARN_QUOTED_INCLUDE_IN_FRAMEWORK_HEADER = YES;
				CLANG_WARN_RANGE_LOOP_ANALYSIS = YES;
				CLANG_WARN_STRICT_PROTOTYPES = YES;
				CLANG_WARN_SUSPICIOUS_MOVE = YES;
				CLANG_WARN_UNGUARDED_AVAILABILITY = YES_AGGRESSIVE;
				CLANG_WARN_UNREACHABLE_CODE = YES;
				CLANG_WARN__DUPLICATE_METHOD_MATCH = YES;
				COPY_PHASE_STRIP = NO;
				DEBUG_INFORMATION_FORMAT = dwarf;
				ENABLE_STRICT_OBJC_MSGSEND = YES;
				ENABLE_TESTABILITY = YES;
				GCC_C_LANGUAGE_STANDARD = gnu11;
				GCC_DYNAMIC_NO_PIC = NO;
				GCC_NO_COMMON_BLOCKS = YES;
				GCC_OPTIMIZATION_LEVEL = 0;
				GCC_PREPROCESSOR_DEFINITIONS = (
					"DEBUG=1",
					"$(inherited)",
				);
				GCC_WARN_64_TO_32_BIT_CONVERSION = YES;
				GCC_WARN_ABOUT_RETURN_TYPE = YES_ERROR;
				GCC_WARN_UNDECLARED_SELECTOR = YES;
				GCC_WARN_UNINITIALIZED_AUTOS = YES_AGGRESSIVE;
				GCC_WARN_UNUSED_FUNCTION = YES;
				GCC_WARN_UNUSED_VARIABLE = YES;
				IPHONEOS_DEPLOYMENT_TARGET = 16.2;
				MTL_ENABLE_DEBUG_INFO = INCLUDE_SOURCE;
				MTL_FAST_MATH = YES;
				ONLY_ACTIVE_ARCH = YES;
				SDKROOT = iphoneos;
				SWIFT_ACTIVE_COMPILATION_CONDITIONS = DEBUG;
				SWIFT_OPTIMIZATION_LEVEL = "-Onone";
			};
			name = Debug;
		};
		25B7408E2A29D0BF00851E4E /* Release */ = {
			isa = XCBuildConfiguration;
			buildSettings = {
				ALWAYS_SEARCH_USER_PATHS = NO;
				CLANG_ANALYZER_NONNULL = YES;
				CLANG_ANALYZER_NUMBER_OBJECT_CONVERSION = YES_AGGRESSIVE;
				CLANG_CXX_LANGUAGE_STANDARD = "gnu++20";
				CLANG_ENABLE_MODULES = YES;
				CLANG_ENABLE_OBJC_ARC = YES;
				CLANG_ENABLE_OBJC_WEAK = YES;
				CLANG_WARN_BLOCK_CAPTURE_AUTORELEASING = YES;
				CLANG_WARN_BOOL_CONVERSION = YES;
				CLANG_WARN_COMMA = YES;
				CLANG_WARN_CONSTANT_CONVERSION = YES;
				CLANG_WARN_DEPRECATED_OBJC_IMPLEMENTATIONS = YES;
				CLANG_WARN_DIRECT_OBJC_ISA_USAGE = YES_ERROR;
				CLANG_WARN_DOCUMENTATION_COMMENTS = YES;
				CLANG_WARN_EMPTY_BODY = YES;
				CLANG_WARN_ENUM_CONVERSION = YES;
				CLANG_WARN_INFINITE_RECURSION = YES;
				CLANG_WARN_INT_CONVERSION = YES;
				CLANG_WARN_NON_LITERAL_NULL_CONVERSION = YES;
				CLANG_WARN_OBJC_IMPLICIT_RETAIN_SELF = YES;
				CLANG_WARN_OBJC_LITERAL_CONVERSION = YES;
				CLANG_WARN_OBJC_ROOT_CLASS = YES_ERROR;
				CLANG_WARN_QUOTED_INCLUDE_IN_FRAMEWORK_HEADER = YES;
				CLANG_WARN_RANGE_LOOP_ANALYSIS = YES;
				CLANG_WARN_STRICT_PROTOTYPES = YES;
				CLANG_WARN_SUSPICIOUS_MOVE = YES;
				CLANG_WARN_UNGUARDED_AVAILABILITY = YES_AGGRESSIVE;
				CLANG_WARN_UNREACHABLE_CODE = YES;
				CLANG_WARN__DUPLICATE_METHOD_MATCH = YES;
				COPY_PHASE_STRIP = NO;
				DEBUG_INFORMATION_FORMAT = "dwarf-with-dsym";
				ENABLE_NS_ASSERTIONS = NO;
				ENABLE_STRICT_OBJC_MSGSEND = YES;
				GCC_C_LANGUAGE_STANDARD = gnu11;
				GCC_NO_COMMON_BLOCKS = YES;
				GCC_WARN_64_TO_32_BIT_CONVERSION = YES;
				GCC_WARN_ABOUT_RETURN_TYPE = YES_ERROR;
				GCC_WARN_UNDECLARED_SELECTOR = YES;
				GCC_WARN_UNINITIALIZED_AUTOS = YES_AGGRESSIVE;
				GCC_WARN_UNUSED_FUNCTION = YES;
				GCC_WARN_UNUSED_VARIABLE = YES;
				IPHONEOS_DEPLOYMENT_TARGET = 16.2;
				MTL_ENABLE_DEBUG_INFO = NO;
				MTL_FAST_MATH = YES;
				SDKROOT = iphoneos;
				SWIFT_COMPILATION_MODE = wholemodule;
				SWIFT_OPTIMIZATION_LEVEL = "-O";
				VALIDATE_PRODUCT = YES;
			};
			name = Release;
		};
		25B740902A29D0BF00851E4E /* Debug */ = {
			isa = XCBuildConfiguration;
			buildSettings = {
				ASSETCATALOG_COMPILER_APPICON_NAME = AppIcon;
				ASSETCATALOG_COMPILER_GLOBAL_ACCENT_COLOR_NAME = AccentColor;
				CODE_SIGN_STYLE = Automatic;
				CURRENT_PROJECT_VERSION = 1;
				GENERATE_INFOPLIST_FILE = YES;
				INFOPLIST_FILE = RealTimeChatApp/Info.plist;
				INFOPLIST_KEY_UIApplicationSupportsIndirectInputEvents = YES;
				INFOPLIST_KEY_UILaunchStoryboardName = LaunchScreen;
				INFOPLIST_KEY_UIMainStoryboardFile = Main;
				INFOPLIST_KEY_UISupportedInterfaceOrientations = UIInterfaceOrientationPortrait;
				INFOPLIST_KEY_UISupportedInterfaceOrientations_iPad = "UIInterfaceOrientationLandscapeLeft UIInterfaceOrientationLandscapeRight UIInterfaceOrientationPortrait UIInterfaceOrientationPortraitUpsideDown";
				IPHONEOS_DEPLOYMENT_TARGET = 14.0;
				LD_RUNPATH_SEARCH_PATHS = (
					"$(inherited)",
					"@executable_path/Frameworks",
				);
				MARKETING_VERSION = 1.0;
				PRODUCT_BUNDLE_IDENTIFIER = gogina.RealTimeChatApp;
				PRODUCT_NAME = "$(TARGET_NAME)";
				SWIFT_EMIT_LOC_STRINGS = YES;
				SWIFT_VERSION = 5.0;
				TARGETED_DEVICE_FAMILY = "1,2";
			};
			name = Debug;
		};
		25B740912A29D0BF00851E4E /* Release */ = {
			isa = XCBuildConfiguration;
			buildSettings = {
				ASSETCATALOG_COMPILER_APPICON_NAME = AppIcon;
				ASSETCATALOG_COMPILER_GLOBAL_ACCENT_COLOR_NAME = AccentColor;
				CODE_SIGN_STYLE = Automatic;
				CURRENT_PROJECT_VERSION = 1;
				GENERATE_INFOPLIST_FILE = YES;
				INFOPLIST_FILE = RealTimeChatApp/Info.plist;
				INFOPLIST_KEY_UIApplicationSupportsIndirectInputEvents = YES;
				INFOPLIST_KEY_UILaunchStoryboardName = LaunchScreen;
				INFOPLIST_KEY_UIMainStoryboardFile = Main;
				INFOPLIST_KEY_UISupportedInterfaceOrientations = UIInterfaceOrientationPortrait;
				INFOPLIST_KEY_UISupportedInterfaceOrientations_iPad = "UIInterfaceOrientationLandscapeLeft UIInterfaceOrientationLandscapeRight UIInterfaceOrientationPortrait UIInterfaceOrientationPortraitUpsideDown";
				IPHONEOS_DEPLOYMENT_TARGET = 14.0;
				LD_RUNPATH_SEARCH_PATHS = (
					"$(inherited)",
					"@executable_path/Frameworks",
				);
				MARKETING_VERSION = 1.0;
				PRODUCT_BUNDLE_IDENTIFIER = gogina.RealTimeChatApp;
				PRODUCT_NAME = "$(TARGET_NAME)";
				SWIFT_EMIT_LOC_STRINGS = YES;
				SWIFT_VERSION = 5.0;
				TARGETED_DEVICE_FAMILY = "1,2";
			};
			name = Release;
		};
/* End XCBuildConfiguration section */

/* Begin XCConfigurationList section */
		25B740762A29D0BB00851E4E /* Build configuration list for PBXProject "RealTimeChatApp" */ = {
			isa = XCConfigurationList;
			buildConfigurations = (
				25B7408D2A29D0BF00851E4E /* Debug */,
				25B7408E2A29D0BF00851E4E /* Release */,
			);
			defaultConfigurationIsVisible = 0;
			defaultConfigurationName = Release;
		};
		25B7408F2A29D0BF00851E4E /* Build configuration list for PBXNativeTarget "RealTimeChatApp" */ = {
			isa = XCConfigurationList;
			buildConfigurations = (
				25B740902A29D0BF00851E4E /* Debug */,
				25B740912A29D0BF00851E4E /* Release */,
			);
			defaultConfigurationIsVisible = 0;
			defaultConfigurationName = Release;
		};
/* End XCConfigurationList section */

/* Begin XCRemoteSwiftPackageReference section */
		257908382A2BCE0200FD1D57 /* XCRemoteSwiftPackageReference "firebase-ios-sdk" */ = {
			isa = XCRemoteSwiftPackageReference;
			repositoryURL = "https://github.com/firebase/firebase-ios-sdk";
			requirement = {
				kind = upToNextMajorVersion;
				minimumVersion = 9.0.0;
			};
		};
/* End XCRemoteSwiftPackageReference section */

/* Begin XCSwiftPackageProductDependency section */
		257908392A2BCE0200FD1D57 /* FirebaseAuth */ = {
			isa = XCSwiftPackageProductDependency;
			package = 257908382A2BCE0200FD1D57 /* XCRemoteSwiftPackageReference "firebase-ios-sdk" */;
			productName = FirebaseAuth;
		};
		2579083B2A2BCE0200FD1D57 /* FirebaseDatabase */ = {
			isa = XCSwiftPackageProductDependency;
			package = 257908382A2BCE0200FD1D57 /* XCRemoteSwiftPackageReference "firebase-ios-sdk" */;
			productName = FirebaseDatabase;
		};
		2579083D2A2BCE0200FD1D57 /* FirebaseFirestore */ = {
			isa = XCSwiftPackageProductDependency;
			package = 257908382A2BCE0200FD1D57 /* XCRemoteSwiftPackageReference "firebase-ios-sdk" */;
			productName = FirebaseFirestore;
		};
/* End XCSwiftPackageProductDependency section */
	};
	rootObject = 25B740732A29D0BB00851E4E /* Project object */;
}
